// !$*UTF8*$!
{
	archiveVersion = 1;
	classes = {
	};
	objectVersion = 50;
	objects = {

/* Begin PBXBuildFile section */
		151032A524A45F2E00324CEA /* AppDelegate.swift in Sources */ = {isa = PBXBuildFile; fileRef = 151032A424A45F2E00324CEA /* AppDelegate.swift */; };
		151032A724A45F2E00324CEA /* SceneDelegate.swift in Sources */ = {isa = PBXBuildFile; fileRef = 151032A624A45F2E00324CEA /* SceneDelegate.swift */; };
		151032A924A45F2E00324CEA /* ContentView.swift in Sources */ = {isa = PBXBuildFile; fileRef = 151032A824A45F2E00324CEA /* ContentView.swift */; };
		151032AB24A45F2F00324CEA /* Assets.xcassets in Resources */ = {isa = PBXBuildFile; fileRef = 151032AA24A45F2F00324CEA /* Assets.xcassets */; };
		151032AE24A45F2F00324CEA /* Preview Assets.xcassets in Resources */ = {isa = PBXBuildFile; fileRef = 151032AD24A45F2F00324CEA /* Preview Assets.xcassets */; };
		151032B124A45F2F00324CEA /* LaunchScreen.storyboard in Resources */ = {isa = PBXBuildFile; fileRef = 151032AF24A45F2F00324CEA /* LaunchScreen.storyboard */; };
		A4E2740C73B42133F22AC55A /* Pods_UnSplash.framework in Frameworks */ = {isa = PBXBuildFile; fileRef = 867348AED3D283C081FB5953 /* Pods_UnSplash.framework */; };
/* End PBXBuildFile section */

/* Begin PBXFileReference section */
		151032A124A45F2E00324CEA /* UnSplash.app */ = {isa = PBXFileReference; explicitFileType = wrapper.application; includeInIndex = 0; path = UnSplash.app; sourceTree = BUILT_PRODUCTS_DIR; };
		151032A424A45F2E00324CEA /* AppDelegate.swift */ = {isa = PBXFileReference; lastKnownFileType = sourcecode.swift; path = AppDelegate.swift; sourceTree = "<group>"; };
		151032A624A45F2E00324CEA /* SceneDelegate.swift */ = {isa = PBXFileReference; lastKnownFileType = sourcecode.swift; path = SceneDelegate.swift; sourceTree = "<group>"; };
		151032A824A45F2E00324CEA /* ContentView.swift */ = {isa = PBXFileReference; lastKnownFileType = sourcecode.swift; path = ContentView.swift; sourceTree = "<group>"; };
		151032AA24A45F2F00324CEA /* Assets.xcassets */ = {isa = PBXFileReference; lastKnownFileType = folder.assetcatalog; path = Assets.xcassets; sourceTree = "<group>"; };
		151032AD24A45F2F00324CEA /* Preview Assets.xcassets */ = {isa = PBXFileReference; lastKnownFileType = folder.assetcatalog; path = "Preview Assets.xcassets"; sourceTree = "<group>"; };
		151032B024A45F2F00324CEA /* Base */ = {isa = PBXFileReference; lastKnownFileType = file.storyboard; name = Base; path = Base.lproj/LaunchScreen.storyboard; sourceTree = "<group>"; };
		151032B224A45F2F00324CEA /* Info.plist */ = {isa = PBXFileReference; lastKnownFileType = text.plist.xml; path = Info.plist; sourceTree = "<group>"; };
		3042985800E7AD5CEA376F9D /* Pods-UnSplash.release.xcconfig */ = {isa = PBXFileReference; includeInIndex = 1; lastKnownFileType = text.xcconfig; name = "Pods-UnSplash.release.xcconfig"; path = "Target Support Files/Pods-UnSplash/Pods-UnSplash.release.xcconfig"; sourceTree = "<group>"; };
		867348AED3D283C081FB5953 /* Pods_UnSplash.framework */ = {isa = PBXFileReference; explicitFileType = wrapper.framework; includeInIndex = 0; path = Pods_UnSplash.framework; sourceTree = BUILT_PRODUCTS_DIR; };
		963E2C926286A3DF2D0B3470 /* Pods-UnSplash.debug.xcconfig */ = {isa = PBXFileReference; includeInIndex = 1; lastKnownFileType = text.xcconfig; name = "Pods-UnSplash.debug.xcconfig"; path = "Target Support Files/Pods-UnSplash/Pods-UnSplash.debug.xcconfig"; sourceTree = "<group>"; };
/* End PBXFileReference section */

/* Begin PBXFrameworksBuildPhase section */
		1510329E24A45F2E00324CEA /* Frameworks */ = {
			isa = PBXFrameworksBuildPhase;
			buildActionMask = 2147483647;
			files = (
				A4E2740C73B42133F22AC55A /* Pods_UnSplash.framework in Frameworks */,
			);
			runOnlyForDeploymentPostprocessing = 0;
		};
/* End PBXFrameworksBuildPhase section */

/* Begin PBXGroup section */
		1510329824A45F2E00324CEA = {
			isa = PBXGroup;
			children = (
				151032A324A45F2E00324CEA /* UnSplash */,
				151032A224A45F2E00324CEA /* Products */,
				6C6FE7C81A45640545148A3E /* Pods */,
				72164A2FBAC0A2D930812721 /* Frameworks */,
			);
			sourceTree = "<group>";
		};
		151032A224A45F2E00324CEA /* Products */ = {
			isa = PBXGroup;
			children = (
				151032A124A45F2E00324CEA /* UnSplash.app */,
			);
			name = Products;
			sourceTree = "<group>";
		};
		151032A324A45F2E00324CEA /* UnSplash */ = {
			isa = PBXGroup;
			children = (
				151032A424A45F2E00324CEA /* AppDelegate.swift */,
				151032A624A45F2E00324CEA /* SceneDelegate.swift */,
				151032A824A45F2E00324CEA /* ContentView.swift */,
				151032AA24A45F2F00324CEA /* Assets.xcassets */,
				151032AF24A45F2F00324CEA /* LaunchScreen.storyboard */,
				151032B224A45F2F00324CEA /* Info.plist */,
				151032AC24A45F2F00324CEA /* Preview Content */,
			);
			path = UnSplash;
			sourceTree = "<group>";
		};
		151032AC24A45F2F00324CEA /* Preview Content */ = {
			isa = PBXGroup;
			children = (
				151032AD24A45F2F00324CEA /* Preview Assets.xcassets */,
			);
			path = "Preview Content";
			sourceTree = "<group>";
		};
		6C6FE7C81A45640545148A3E /* Pods */ = {
			isa = PBXGroup;
			children = (
				963E2C926286A3DF2D0B3470 /* Pods-UnSplash.debug.xcconfig */,
				3042985800E7AD5CEA376F9D /* Pods-UnSplash.release.xcconfig */,
			);
			name = Pods;
			path = Pods;
			sourceTree = "<group>";
		};
		72164A2FBAC0A2D930812721 /* Frameworks */ = {
			isa = PBXGroup;
			children = (
				867348AED3D283C081FB5953 /* Pods_UnSplash.framework */,
			);
			name = Frameworks;
			sourceTree = "<group>";
		};
/* End PBXGroup section */

/* Begin PBXNativeTarget section */
		151032A024A45F2E00324CEA /* UnSplash */ = {
			isa = PBXNativeTarget;
			buildConfigurationList = 151032B524A45F2F00324CEA /* Build configuration list for PBXNativeTarget "UnSplash" */;
			buildPhases = (
				A5790456398213FEFFCD9CBB /* [CP] Check Pods Manifest.lock */,
				1510329D24A45F2E00324CEA /* Sources */,
				1510329E24A45F2E00324CEA /* Frameworks */,
				1510329F24A45F2E00324CEA /* Resources */,
				4D82DFC62F371A7B78C93A37 /* [CP] Embed Pods Frameworks */,
			);
			buildRules = (
			);
			dependencies = (
			);
			name = UnSplash;
			productName = UnSplash;
			productReference = 151032A124A45F2E00324CEA /* UnSplash.app */;
			productType = "com.apple.product-type.application";
		};
/* End PBXNativeTarget section */

/* Begin PBXProject section */
		1510329924A45F2E00324CEA /* Project object */ = {
			isa = PBXProject;
			attributes = {
				LastSwiftUpdateCheck = 1140;
				LastUpgradeCheck = 1140;
				ORGANIZATIONNAME = AZZHEZTIA;
				TargetAttributes = {
					151032A024A45F2E00324CEA = {
						CreatedOnToolsVersion = 11.4.1;
					};
				};
			};
			buildConfigurationList = 1510329C24A45F2E00324CEA /* Build configuration list for PBXProject "UnSplash" */;
			compatibilityVersion = "Xcode 9.3";
			developmentRegion = en;
			hasScannedForEncodings = 0;
			knownRegions = (
				en,
				Base,
			);
			mainGroup = 1510329824A45F2E00324CEA;
			productRefGroup = 151032A224A45F2E00324CEA /* Products */;
			projectDirPath = "";
			projectRoot = "";
			targets = (
				151032A024A45F2E00324CEA /* UnSplash */,
			);
		};
/* End PBXProject section */

/* Begin PBXResourcesBuildPhase section */
		1510329F24A45F2E00324CEA /* Resources */ = {
			isa = PBXResourcesBuildPhase;
			buildActionMask = 2147483647;
			files = (
				151032B124A45F2F00324CEA /* LaunchScreen.storyboard in Resources */,
				151032AE24A45F2F00324CEA /* Preview Assets.xcassets in Resources */,
				151032AB24A45F2F00324CEA /* Assets.xcassets in Resources */,
			);
			runOnlyForDeploymentPostprocessing = 0;
		};
/* End PBXResourcesBuildPhase section */

/* Begin PBXShellScriptBuildPhase section */
		4D82DFC62F371A7B78C93A37 /* [CP] Embed Pods Frameworks */ = {
			isa = PBXShellScriptBuildPhase;
			buildActionMask = 2147483647;
			files = (
			);
			inputFileListPaths = (
				"${PODS_ROOT}/Target Support Files/Pods-UnSplash/Pods-UnSplash-frameworks-${CONFIGURATION}-input-files.xcfilelist",
			);
			name = "[CP] Embed Pods Frameworks";
			outputFileListPaths = (
				"${PODS_ROOT}/Target Support Files/Pods-UnSplash/Pods-UnSplash-frameworks-${CONFIGURATION}-output-files.xcfilelist",
			);
			runOnlyForDeploymentPostprocessing = 0;
			shellPath = /bin/sh;
			shellScript = "\"${PODS_ROOT}/Target Support Files/Pods-UnSplash/Pods-UnSplash-frameworks.sh\"\n";
			showEnvVarsInLog = 0;
		};
		A5790456398213FEFFCD9CBB /* [CP] Check Pods Manifest.lock */ = {
			isa = PBXShellScriptBuildPhase;
			buildActionMask = 2147483647;
			files = (
			);
			inputFileListPaths = (
			);
			inputPaths = (
				"${PODS_PODFILE_DIR_PATH}/Podfile.lock",
				"${PODS_ROOT}/Manifest.lock",
			);
			name = "[CP] Check Pods Manifest.lock";
			outputFileListPaths = (
			);
			outputPaths = (
				"$(DERIVED_FILE_DIR)/Pods-UnSplash-checkManifestLockResult.txt",
			);
			runOnlyForDeploymentPostprocessing = 0;
			shellPath = /bin/sh;
			shellScript = "diff \"${PODS_PODFILE_DIR_PATH}/Podfile.lock\" \"${PODS_ROOT}/Manifest.lock\" > /dev/null\nif [ $? != 0 ] ; then\n    # print error to STDERR\n    echo \"error: The sandbox is not in sync with the Podfile.lock. Run 'pod install' or update your CocoaPods installation.\" >&2\n    exit 1\nfi\n# This output is used by Xcode 'outputs' to avoid re-running this script phase.\necho \"SUCCESS\" > \"${SCRIPT_OUTPUT_FILE_0}\"\n";
			showEnvVarsInLog = 0;
		};
/* End PBXShellScriptBuildPhase section */

/* Begin PBXSourcesBuildPhase section */
		1510329D24A45F2E00324CEA /* Sources */ = {
			isa = PBXSourcesBuildPhase;
			buildActionMask = 2147483647;
			files = (
				151032A524A45F2E00324CEA /* AppDelegate.swift in Sources */,
				151032A724A45F2E00324CEA /* SceneDelegate.swift in Sources */,
				151032A924A45F2E00324CEA /* ContentView.swift in Sources */,
			);
			runOnlyForDeploymentPostprocessing = 0;
		};
/* End PBXSourcesBuildPhase section */

/* Begin PBXVariantGroup section */
		151032AF24A45F2F00324CEA /* LaunchScreen.storyboard */ = {
			isa = PBXVariantGroup;
			children = (
				151032B024A45F2F00324CEA /* Base */,
			);
			name = LaunchScreen.storyboard;
			sourceTree = "<group>";
		};
/* End PBXVariantGroup section */

/* Begin XCBuildConfiguration section */
		151032B324A45F2F00324CEA /* Debug */ = {
			isa = XCBuildConfiguration;
			buildSettings = {
				ALWAYS_SEARCH_USER_PATHS = NO;
				CLANG_ANALYZER_NONNULL = YES;
				CLANG_ANALYZER_NUMBER_OBJECT_CONVERSION = YES_AGGRESSIVE;
				CLANG_CXX_LANGUAGE_STANDARD = "gnu++14";
				CLANG_CXX_LIBRARY = "libc++";
				CLANG_ENABLE_MODULES = YES;
				CLANG_ENABLE_OBJC_ARC = YES;
				CLANG_ENABLE_OBJC_WEAK = YES;
				CLANG_WARN_BLOCK_CAPTURE_AUTORELEASING = YES;
				CLANG_WARN_BOOL_CONVERSION = YES;
				CLANG_WARN_COMMA = YES;
				CLANG_WARN_CONSTANT_CONVERSION = YES;
				CLANG_WARN_DEPRECATED_OBJC_IMPLEMENTATIONS = YES;
				CLANG_WARN_DIRECT_OBJC_ISA_USAGE = YES_ERROR;
				CLANG_WARN_DOCUMENTATION_COMMENTS = YES;
				CLANG_WARN_EMPTY_BODY = YES;
				CLANG_WARN_ENUM_CONVERSION = YES;
				CLANG_WARN_INFINITE_RECURSION = YES;
				CLANG_WARN_INT_CONVERSION = YES;
				CLANG_WARN_NON_LITERAL_NULL_CONVERSION = YES;
				CLANG_WARN_OBJC_IMPLICIT_RETAIN_SELF = YES;
				CLANG_WARN_OBJC_LITERAL_CONVERSION = YES;
				CLANG_WARN_OBJC_ROOT_CLASS = YES_ERROR;
				CLANG_WARN_RANGE_LOOP_ANALYSIS = YES;
				CLANG_WARN_STRICT_PROTOTYPES = YES;
				CLANG_WARN_SUSPICIOUS_MOVE = YES;
				CLANG_WARN_UNGUARDED_AVAILABILITY = YES_AGGRESSIVE;
				CLANG_WARN_UNREACHABLE_CODE = YES;
				CLANG_WARN__DUPLICATE_METHOD_MATCH = YES;
				COPY_PHASE_STRIP = NO;
				DEBUG_INFORMATION_FORMAT = dwarf;
				ENABLE_STRICT_OBJC_MSGSEND = YES;
				ENABLE_TESTABILITY = YES;
				GCC_C_LANGUAGE_STANDARD = gnu11;
				GCC_DYNAMIC_NO_PIC = NO;
				GCC_NO_COMMON_BLOCKS = YES;
				GCC_OPTIMIZATION_LEVEL = 0;
				GCC_PREPROCESSOR_DEFINITIONS = (
					"DEBUG=1",
					"$(inherited)",
				);
				GCC_WARN_64_TO_32_BIT_CONVERSION = YES;
				GCC_WARN_ABOUT_RETURN_TYPE = YES_ERROR;
				GCC_WARN_UNDECLARED_SELECTOR = YES;
				GCC_WARN_UNINITIALIZED_AUTOS = YES_AGGRESSIVE;
				GCC_WARN_UNUSED_FUNCTION = YES;
				GCC_WARN_UNUSED_VARIABLE = YES;
				IPHONEOS_DEPLOYMENT_TARGET = 13.4;
				MTL_ENABLE_DEBUG_INFO = INCLUDE_SOURCE;
				MTL_FAST_MATH = YES;
				ONLY_ACTIVE_ARCH = YES;
				SDKROOT = iphoneos;
				SWIFT_ACTIVE_COMPILATION_CONDITIONS = DEBUG;
				SWIFT_OPTIMIZATION_LEVEL = "-Onone";
			};
			name = Debug;
		};
		151032B424A45F2F00324CEA /* Release */ = {
			isa = XCBuildConfiguration;
			buildSettings = {
				ALWAYS_SEARCH_USER_PATHS = NO;
				CLANG_ANALYZER_NONNULL = YES;
				CLANG_ANALYZER_NUMBER_OBJECT_CONVERSION = YES_AGGRESSIVE;
				CLANG_CXX_LANGUAGE_STANDARD = "gnu++14";
				CLANG_CXX_LIBRARY = "libc++";
				CLANG_ENABLE_MODULES = YES;
				CLANG_ENABLE_OBJC_ARC = YES;
				CLANG_ENABLE_OBJC_WEAK = YES;
				CLANG_WARN_BLOCK_CAPTURE_AUTORELEASING = YES;
				CLANG_WARN_BOOL_CONVERSION = YES;
				CLANG_WARN_COMMA = YES;
				CLANG_WARN_CONSTANT_CONVERSION = YES;
				CLANG_WARN_DEPRECATED_OBJC_IMPLEMENTATIONS = YES;
				CLANG_WARN_DIRECT_OBJC_ISA_USAGE = YES_ERROR;
				CLANG_WARN_DOCUMENTATION_COMMENTS = YES;
				CLANG_WARN_EMPTY_BODY = YES;
				CLANG_WARN_ENUM_CONVERSION = YES;
				CLANG_WARN_INFINITE_RECURSION = YES;
				CLANG_WARN_INT_CONVERSION = YES;
				CLANG_WARN_NON_LITERAL_NULL_CONVERSION = YES;
				CLANG_WARN_OBJC_IMPLICIT_RETAIN_SELF = YES;
				CLANG_WARN_OBJC_LITERAL_CONVERSION = YES;
				CLANG_WARN_OBJC_ROOT_CLASS = YES_ERROR;
				CLANG_WARN_RANGE_LOOP_ANALYSIS = YES;
				CLANG_WARN_STRICT_PROTOTYPES = YES;
				CLANG_WARN_SUSPICIOUS_MOVE = YES;
				CLANG_WARN_UNGUARDED_AVAILABILITY = YES_AGGRESSIVE;
				CLANG_WARN_UNREACHABLE_CODE = YES;
				CLANG_WARN__DUPLICATE_METHOD_MATCH = YES;
				COPY_PHASE_STRIP = NO;
				DEBUG_INFORMATION_FORMAT = "dwarf-with-dsym";
				ENABLE_NS_ASSERTIONS = NO;
				ENABLE_STRICT_OBJC_MSGSEND = YES;
				GCC_C_LANGUAGE_STANDARD = gnu11;
				GCC_NO_COMMON_BLOCKS = YES;
				GCC_WARN_64_TO_32_BIT_CONVERSION = YES;
				GCC_WARN_ABOUT_RETURN_TYPE = YES_ERROR;
				GCC_WARN_UNDECLARED_SELECTOR = YES;
				GCC_WARN_UNINITIALIZED_AUTOS = YES_AGGRESSIVE;
				GCC_WARN_UNUSED_FUNCTION = YES;
				GCC_WARN_UNUSED_VARIABLE = YES;
				IPHONEOS_DEPLOYMENT_TARGET = 13.4;
				MTL_ENABLE_DEBUG_INFO = NO;
				MTL_FAST_MATH = YES;
				SDKROOT = iphoneos;
				SWIFT_COMPILATION_MODE = wholemodule;
				SWIFT_OPTIMIZATION_LEVEL = "-O";
				VALIDATE_PRODUCT = YES;
			};
			name = Release;
		};
		151032B624A45F2F00324CEA /* Debug */ = {
			isa = XCBuildConfiguration;
			baseConfigurationReference = 963E2C926286A3DF2D0B3470 /* Pods-UnSplash.debug.xcconfig */;
			buildSettings = {
				ASSETCATALOG_COMPILER_APPICON_NAME = AppIcon;
				CODE_SIGN_STYLE = Automatic;
				DEVELOPMENT_ASSET_PATHS = "\"UnSplash/Preview Content\"";
				DEVELOPMENT_TEAM = ATGLF89TD8;
				ENABLE_PREVIEWS = YES;
				INFOPLIST_FILE = UnSplash/Info.plist;
				LD_RUNPATH_SEARCH_PATHS = (
					"$(inherited)",
					"@executable_path/Frameworks",
				);
				PRODUCT_BUNDLE_IDENTIFIER = com.app.studentProyect.UnSplash;
				PRODUCT_NAME = "$(TARGET_NAME)";
				SWIFT_VERSION = 5.0;
				TARGETED_DEVICE_FAMILY = "1,2";
			};
			name = Debug;
		};
		151032B724A45F2F00324CEA /* Release */ = {
			isa = XCBuildConfiguration;
			baseConfigurationReference = 3042985800E7AD5CEA376F9D /* Pods-UnSplash.release.xcconfig */;
			buildSettings = {
				ASSETCATALOG_COMPILER_APPICON_NAME = AppIcon;
				CODE_SIGN_STYLE = Automatic;
				DEVELOPMENT_ASSET_PATHS = "\"UnSplash/Preview Content\"";
				DEVELOPMENT_TEAM = ATGLF89TD8;
				ENABLE_PREVIEWS = YES;
				INFOPLIST_FILE = UnSplash/Info.plist;
				LD_RUNPATH_SEARCH_PATHS = (
					"$(inherited)",
					"@executable_path/Frameworks",
				);
				PRODUCT_BUNDLE_IDENTIFIER = com.app.studentProyect.UnSplash;
				PRODUCT_NAME = "$(TARGET_NAME)";
				SWIFT_VERSION = 5.0;
				TARGETED_DEVICE_FAMILY = "1,2";
			};
			name = Release;
		};
/* End XCBuildConfiguration section */

/* Begin XCConfigurationList section */
		1510329C24A45F2E00324CEA /* Build configuration list for PBXProject "UnSplash" */ = {
			isa = XCConfigurationList;
			buildConfigurations = (
				151032B324A45F2F00324CEA /* Debug */,
				151032B424A45F2F00324CEA /* Release */,
			);
			defaultConfigurationIsVisible = 0;
			defaultConfigurationName = Release;
		};
		151032B524A45F2F00324CEA /* Build configuration list for PBXNativeTarget "UnSplash" */ = {
			isa = XCConfigurationList;
			buildConfigurations = (
				151032B624A45F2F00324CEA /* Debug */,
				151032B724A45F2F00324CEA /* Release */,
			);
			defaultConfigurationIsVisible = 0;
			defaultConfigurationName = Release;
		};
/* End XCConfigurationList section */
	};
	rootObject = 1510329924A45F2E00324CEA /* Project object */;
}
